
Microsoft Visual Studio Solution File, Format Version 12.00
# Visual Studio Version 16
VisualStudioVersion = 16.0.28803.156
MinimumVisualStudioVersion = 10.0.40219.1
Project("{FAE04EC0-301F-11D3-BF4B-00C04F79EFBC}") = "AvansPeriode3", "AvansPeriode3\AvansPeriode3.csproj", "{FEFFBE1B-9C47-461C-A3A6-F59C0C6242EE}"
EndProject
Global
	GlobalSection(SolutionConfigurationPlatforms) = preSolution
		Debug|Any CPU = Debug|Any CPU
		Release|Any CPU = Release|Any CPU
	EndGlobalSection
	GlobalSection(ProjectConfigurationPlatforms) = postSolution
		{FEFFBE1B-9C47-461C-A3A6-F59C0C6242EE}.Debug|Any CPU.ActiveCfg = Debug|Any CPU
		{FEFFBE1B-9C47-461C-A3A6-F59C0C6242EE}.Debug|Any CPU.Build.0 = Debug|Any CPU
		{FEFFBE1B-9C47-461C-A3A6-F59C0C6242EE}.Release|Any CPU.ActiveCfg = Release|Any CPU
		{FEFFBE1B-9C47-461C-A3A6-F59C0C6242EE}.Release|Any CPU.Build.0 = Release|Any CPU
	EndGlobalSection
	GlobalSection(SolutionProperties) = preSolution
		HideSolutionNode = FALSE
	EndGlobalSection
	GlobalSection(ExtensibilityGlobals) = postSolution
		SolutionGuid = {315C030A-2F7F-4EDD-BE57-9D1EE3A16F3B}
	EndGlobalSection
EndGlobal
